
Microsoft Visual Studio Solution File, Format Version 12.00
# Visual Studio 15
VisualStudioVersion = 15.0.26430.12
MinimumVisualStudioVersion = 10.0.40219.1
Project("{9A19103F-16F7-4668-BE54-9A1E7A4F7556}") = "Types", "Types\Types.csproj", "{0E202E19-3258-4715-BED2-8CB2D6777C12}"
EndProject
Project("{9A19103F-16F7-4668-BE54-9A1E7A4F7556}") = "VideoFileInfo", "VideoFileInfo\VideoFileInfo.csproj", "{7BAE5729-6688-4E1C-8F62-369361F2AF19}"
EndProject
Project("{9A19103F-16F7-4668-BE54-9A1E7A4F7556}") = "VideoFileInfo.Tests", "VideoFileInfo.Tests\VideoFileInfo.Tests.csproj", "{24BDE74C-3FE3-466A-8374-FB1AFE3F9B53}"
EndProject
Project("{9A19103F-16F7-4668-BE54-9A1E7A4F7556}") = "ThumbnailSheet", "ThumbnailSheet\ThumbnailSheet.csproj", "{66A54442-82FC-46CB-B59A-0E0DB9800517}"
EndProject
Project("{9A19103F-16F7-4668-BE54-9A1E7A4F7556}") = "ThumbnailSheet.Tests", "ThumbnailSheet.Tests\ThumbnailSheet.Tests.csproj", "{70972FC4-C37A-49C7-BBF8-258B19706565}"
EndProject
Project("{2150E333-8FDC-42A3-9474-1A3956D46DE8}") = "Tests", "Tests", "{0CBACFEB-2E58-4C76-8E5D-93680E530853}"
EndProject
Project("{9A19103F-16F7-4668-BE54-9A1E7A4F7556}") = "Console", "Console\Console.csproj", "{C1DD6614-B96E-4D38-8B89-7079408C52E5}"
EndProject
Project("{9A19103F-16F7-4668-BE54-9A1E7A4F7556}") = "Thumbnail", "Thumbnail\Thumbnail.csproj", "{A2ECC26A-CCD2-4359-A41A-6A0C119BC156}"
EndProject
Project("{9A19103F-16F7-4668-BE54-9A1E7A4F7556}") = "Thumbnail.Tests", "Thumbnail.Tests\Thumbnail.Tests.csproj", "{7473BF5A-5F2A-4506-8614-7043B9D1822F}"
EndProject
Project("{9A19103F-16F7-4668-BE54-9A1E7A4F7556}") = "FileDownload", "FileDownload\FileDownload.csproj", "{14046B57-0E0F-40A2-8855-379CAA333010}"
EndProject
Project("{FAE04EC0-301F-11D3-BF4B-00C04F79EFBC}") = "ThumbnailSheet.Framework", "ThumbnailSheet.Framework\ThumbnailSheet.Framework.csproj", "{4ABE58AE-F082-4F1A-B41D-FED70CBBC418}"
EndProject
Global
	GlobalSection(SolutionConfigurationPlatforms) = preSolution
		Debug|Any CPU = Debug|Any CPU
		Release|Any CPU = Release|Any CPU
	EndGlobalSection
	GlobalSection(ProjectConfigurationPlatforms) = postSolution
		{0E202E19-3258-4715-BED2-8CB2D6777C12}.Debug|Any CPU.ActiveCfg = Debug|Any CPU
		{0E202E19-3258-4715-BED2-8CB2D6777C12}.Debug|Any CPU.Build.0 = Debug|Any CPU
		{0E202E19-3258-4715-BED2-8CB2D6777C12}.Release|Any CPU.ActiveCfg = Release|Any CPU
		{0E202E19-3258-4715-BED2-8CB2D6777C12}.Release|Any CPU.Build.0 = Release|Any CPU
		{7BAE5729-6688-4E1C-8F62-369361F2AF19}.Debug|Any CPU.ActiveCfg = Debug|Any CPU
		{7BAE5729-6688-4E1C-8F62-369361F2AF19}.Debug|Any CPU.Build.0 = Debug|Any CPU
		{7BAE5729-6688-4E1C-8F62-369361F2AF19}.Release|Any CPU.ActiveCfg = Release|Any CPU
		{7BAE5729-6688-4E1C-8F62-369361F2AF19}.Release|Any CPU.Build.0 = Release|Any CPU
		{24BDE74C-3FE3-466A-8374-FB1AFE3F9B53}.Debug|Any CPU.ActiveCfg = Debug|Any CPU
		{24BDE74C-3FE3-466A-8374-FB1AFE3F9B53}.Debug|Any CPU.Build.0 = Debug|Any CPU
		{24BDE74C-3FE3-466A-8374-FB1AFE3F9B53}.Release|Any CPU.ActiveCfg = Release|Any CPU
		{24BDE74C-3FE3-466A-8374-FB1AFE3F9B53}.Release|Any CPU.Build.0 = Release|Any CPU
		{66A54442-82FC-46CB-B59A-0E0DB9800517}.Debug|Any CPU.ActiveCfg = Debug|Any CPU
		{66A54442-82FC-46CB-B59A-0E0DB9800517}.Debug|Any CPU.Build.0 = Debug|Any CPU
		{66A54442-82FC-46CB-B59A-0E0DB9800517}.Release|Any CPU.ActiveCfg = Release|Any CPU
		{66A54442-82FC-46CB-B59A-0E0DB9800517}.Release|Any CPU.Build.0 = Release|Any CPU
		{70972FC4-C37A-49C7-BBF8-258B19706565}.Debug|Any CPU.ActiveCfg = Debug|Any CPU
		{70972FC4-C37A-49C7-BBF8-258B19706565}.Debug|Any CPU.Build.0 = Debug|Any CPU
		{70972FC4-C37A-49C7-BBF8-258B19706565}.Release|Any CPU.ActiveCfg = Release|Any CPU
		{70972FC4-C37A-49C7-BBF8-258B19706565}.Release|Any CPU.Build.0 = Release|Any CPU
		{C1DD6614-B96E-4D38-8B89-7079408C52E5}.Debug|Any CPU.ActiveCfg = Debug|Any CPU
		{C1DD6614-B96E-4D38-8B89-7079408C52E5}.Debug|Any CPU.Build.0 = Debug|Any CPU
		{C1DD6614-B96E-4D38-8B89-7079408C52E5}.Release|Any CPU.ActiveCfg = Release|Any CPU
		{C1DD6614-B96E-4D38-8B89-7079408C52E5}.Release|Any CPU.Build.0 = Release|Any CPU
		{A2ECC26A-CCD2-4359-A41A-6A0C119BC156}.Debug|Any CPU.ActiveCfg = Debug|Any CPU
		{A2ECC26A-CCD2-4359-A41A-6A0C119BC156}.Debug|Any CPU.Build.0 = Debug|Any CPU
		{A2ECC26A-CCD2-4359-A41A-6A0C119BC156}.Release|Any CPU.ActiveCfg = Release|Any CPU
		{A2ECC26A-CCD2-4359-A41A-6A0C119BC156}.Release|Any CPU.Build.0 = Release|Any CPU
		{7473BF5A-5F2A-4506-8614-7043B9D1822F}.Debug|Any CPU.ActiveCfg = Debug|Any CPU
		{7473BF5A-5F2A-4506-8614-7043B9D1822F}.Debug|Any CPU.Build.0 = Debug|Any CPU
		{7473BF5A-5F2A-4506-8614-7043B9D1822F}.Release|Any CPU.ActiveCfg = Release|Any CPU
		{7473BF5A-5F2A-4506-8614-7043B9D1822F}.Release|Any CPU.Build.0 = Release|Any CPU
		{14046B57-0E0F-40A2-8855-379CAA333010}.Debug|Any CPU.ActiveCfg = Debug|Any CPU
		{14046B57-0E0F-40A2-8855-379CAA333010}.Debug|Any CPU.Build.0 = Debug|Any CPU
		{14046B57-0E0F-40A2-8855-379CAA333010}.Release|Any CPU.ActiveCfg = Release|Any CPU
		{14046B57-0E0F-40A2-8855-379CAA333010}.Release|Any CPU.Build.0 = Release|Any CPU
		{4ABE58AE-F082-4F1A-B41D-FED70CBBC418}.Debug|Any CPU.ActiveCfg = Debug|Any CPU
		{4ABE58AE-F082-4F1A-B41D-FED70CBBC418}.Debug|Any CPU.Build.0 = Debug|Any CPU
		{4ABE58AE-F082-4F1A-B41D-FED70CBBC418}.Release|Any CPU.ActiveCfg = Release|Any CPU
		{4ABE58AE-F082-4F1A-B41D-FED70CBBC418}.Release|Any CPU.Build.0 = Release|Any CPU
	EndGlobalSection
	GlobalSection(SolutionProperties) = preSolution
		HideSolutionNode = FALSE
	EndGlobalSection
	GlobalSection(NestedProjects) = preSolution
		{24BDE74C-3FE3-466A-8374-FB1AFE3F9B53} = {0CBACFEB-2E58-4C76-8E5D-93680E530853}
		{70972FC4-C37A-49C7-BBF8-258B19706565} = {0CBACFEB-2E58-4C76-8E5D-93680E530853}
		{7473BF5A-5F2A-4506-8614-7043B9D1822F} = {0CBACFEB-2E58-4C76-8E5D-93680E530853}
	EndGlobalSection
EndGlobal
